
Microsoft Visual Studio Solution File, Format Version 12.00
# Visual Studio 2015
Project("{FAE04EC0-301F-11D3-BF4B-00C04F79EFBC}") = "repository.CSharp.Plugins", "repository.CSharp.Plugins.csproj", "{A532CE65-0547-E9D5-0934-99515CB0D111}"
EndProject
Project("{FAE04EC0-301F-11D3-BF4B-00C04F79EFBC}") = "repository.CSharp", "repository.CSharp.csproj", "{19209E94-3D2B-850A-C72B-71C622ABD747}"
EndProject
Project("{FAE04EC0-301F-11D3-BF4B-00C04F79EFBC}") = "repository.CSharp.Editor", "repository.CSharp.Editor.csproj", "{6CEC29AC-5AE9-452F-0E35-64542E514F15}"
EndProject
Global
	GlobalSection(SolutionConfigurationPlatforms) = preSolution
		Debug|Any CPU = Debug|Any CPU
		Release|Any CPU = Release|Any CPU
	EndGlobalSection
	GlobalSection(ProjectConfigurationPlatforms) = postSolution
		{A532CE65-0547-E9D5-0934-99515CB0D111}.Debug|Any CPU.ActiveCfg = Debug|Any CPU
		{A532CE65-0547-E9D5-0934-99515CB0D111}.Debug|Any CPU.Build.0 = Debug|Any CPU
		{A532CE65-0547-E9D5-0934-99515CB0D111}.Release|Any CPU.ActiveCfg = Release|Any CPU
		{A532CE65-0547-E9D5-0934-99515CB0D111}.Release|Any CPU.Build.0 = Release|Any CPU
		{19209E94-3D2B-850A-C72B-71C622ABD747}.Debug|Any CPU.ActiveCfg = Debug|Any CPU
		{19209E94-3D2B-850A-C72B-71C622ABD747}.Debug|Any CPU.Build.0 = Debug|Any CPU
		{19209E94-3D2B-850A-C72B-71C622ABD747}.Release|Any CPU.ActiveCfg = Release|Any CPU
		{19209E94-3D2B-850A-C72B-71C622ABD747}.Release|Any CPU.Build.0 = Release|Any CPU
		{6CEC29AC-5AE9-452F-0E35-64542E514F15}.Debug|Any CPU.ActiveCfg = Debug|Any CPU
		{6CEC29AC-5AE9-452F-0E35-64542E514F15}.Debug|Any CPU.Build.0 = Debug|Any CPU
		{6CEC29AC-5AE9-452F-0E35-64542E514F15}.Release|Any CPU.ActiveCfg = Release|Any CPU
		{6CEC29AC-5AE9-452F-0E35-64542E514F15}.Release|Any CPU.Build.0 = Release|Any CPU
	EndGlobalSection
	GlobalSection(SolutionProperties) = preSolution
		HideSolutionNode = FALSE
	EndGlobalSection
EndGlobal
